// !$*UTF8*$!
{
	archiveVersion = 1;
	classes = {
	};
	objectVersion = 46;
	objects = {

/* Begin PBXBuildFile section */
		5AF7D1DD1BA657DF003040C5 /* main.m in Sources */ = {isa = PBXBuildFile; fileRef = 5AF7D1DC1BA657DF003040C5 /* main.m */; };
		5AF7D1E01BA657DF003040C5 /* AppDelegate.m in Sources */ = {isa = PBXBuildFile; fileRef = 5AF7D1DF1BA657DF003040C5 /* AppDelegate.m */; };
		5AF7D1E31BA657DF003040C5 /* ViewController.m in Sources */ = {isa = PBXBuildFile; fileRef = 5AF7D1E21BA657DF003040C5 /* ViewController.m */; };
		5AF7D1E61BA657DF003040C5 /* Main.storyboard in Resources */ = {isa = PBXBuildFile; fileRef = 5AF7D1E41BA657DF003040C5 /* Main.storyboard */; };
		5AF7D1E81BA657DF003040C5 /* Images.xcassets in Resources */ = {isa = PBXBuildFile; fileRef = 5AF7D1E71BA657DF003040C5 /* Images.xcassets */; };
		5AF7D1EB1BA657DF003040C5 /* LaunchScreen.xib in Resources */ = {isa = PBXBuildFile; fileRef = 5AF7D1E91BA657DF003040C5 /* LaunchScreen.xib */; };
		5AF7D1F71BA657DF003040C5 /* DocumentPathEchoTests.m in Sources */ = {isa = PBXBuildFile; fileRef = 5AF7D1F61BA657DF003040C5 /* DocumentPathEchoTests.m */; };
/* End PBXBuildFile section */

/* Begin PBXContainerItemProxy section */
		5AF7D1F11BA657DF003040C5 /* PBXContainerItemProxy */ = {
			isa = PBXContainerItemProxy;
			containerPortal = 5AF7D1CF1BA657DF003040C5 /* Project object */;
			proxyType = 1;
			remoteGlobalIDString = 5AF7D1D61BA657DF003040C5;
			remoteInfo = DocumentPathEcho;
		};
/* End PBXContainerItemProxy section */

/* Begin PBXFileReference section */
		5AF7D1D71BA657DF003040C5 /* DocumentPathEcho.app */ = {isa = PBXFileReference; explicitFileType = wrapper.application; includeInIndex = 0; path = DocumentPathEcho.app; sourceTree = BUILT_PRODUCTS_DIR; };
		5AF7D1DB1BA657DF003040C5 /* Info.plist */ = {isa = PBXFileReference; lastKnownFileType = text.plist.xml; path = Info.plist; sourceTree = "<group>"; };
		5AF7D1DC1BA657DF003040C5 /* main.m */ = {isa = PBXFileReference; lastKnownFileType = sourcecode.c.objc; path = main.m; sourceTree = "<group>"; };
		5AF7D1DE1BA657DF003040C5 /* AppDelegate.h */ = {isa = PBXFileReference; lastKnownFileType = sourcecode.c.h; path = AppDelegate.h; sourceTree = "<group>"; };
		5AF7D1DF1BA657DF003040C5 /* AppDelegate.m */ = {isa = PBXFileReference; lastKnownFileType = sourcecode.c.objc; path = AppDelegate.m; sourceTree = "<group>"; };
		5AF7D1E11BA657DF003040C5 /* ViewController.h */ = {isa = PBXFileReference; lastKnownFileType = sourcecode.c.h; path = ViewController.h; sourceTree = "<group>"; };
		5AF7D1E21BA657DF003040C5 /* ViewController.m */ = {isa = PBXFileReference; lastKnownFileType = sourcecode.c.objc; path = ViewController.m; sourceTree = "<group>"; };
		5AF7D1E51BA657DF003040C5 /* Base */ = {isa = PBXFileReference; lastKnownFileType = file.storyboard; name = Base; path = Base.lproj/Main.storyboard; sourceTree = "<group>"; };
		5AF7D1E71BA657DF003040C5 /* Images.xcassets */ = {isa = PBXFileReference; lastKnownFileType = folder.assetcatalog; path = Images.xcassets; sourceTree = "<group>"; };
		5AF7D1EA1BA657DF003040C5 /* Base */ = {isa = PBXFileReference; lastKnownFileType = file.xib; name = Base; path = Base.lproj/LaunchScreen.xib; sourceTree = "<group>"; };
		5AF7D1F01BA657DF003040C5 /* DocumentPathEchoTests.xctest */ = {isa = PBXFileReference; explicitFileType = wrapper.cfbundle; includeInIndex = 0; path = DocumentPathEchoTests.xctest; sourceTree = BUILT_PRODUCTS_DIR; };
		5AF7D1F51BA657DF003040C5 /* Info.plist */ = {isa = PBXFileReference; lastKnownFileType = text.plist.xml; path = Info.plist; sourceTree = "<group>"; };
		5AF7D1F61BA657DF003040C5 /* DocumentPathEchoTests.m */ = {isa = PBXFileReference; lastKnownFileType = sourcecode.c.objc; path = DocumentPathEchoTests.m; sourceTree = "<group>"; };
/* End PBXFileReference section */

/* Begin PBXFrameworksBuildPhase section */
		5AF7D1D41BA657DF003040C5 /* Frameworks */ = {
			isa = PBXFrameworksBuildPhase;
			buildActionMask = 2147483647;
			files = (
			);
			runOnlyForDeploymentPostprocessing = 0;
		};
		5AF7D1ED1BA657DF003040C5 /* Frameworks */ = {
			isa = PBXFrameworksBuildPhase;
			buildActionMask = 2147483647;
			files = (
			);
			runOnlyForDeploymentPostprocessing = 0;
		};
/* End PBXFrameworksBuildPhase section */

/* Begin PBXGroup section */
		5AF7D1CE1BA657DF003040C5 = {
			isa = PBXGroup;
			children = (
				5AF7D1D91BA657DF003040C5 /* DocumentPathEcho */,
				5AF7D1F31BA657DF003040C5 /* DocumentPathEchoTests */,
				5AF7D1D81BA657DF003040C5 /* Products */,
			);
			sourceTree = "<group>";
		};
		5AF7D1D81BA657DF003040C5 /* Products */ = {
			isa = PBXGroup;
			children = (
				5AF7D1D71BA657DF003040C5 /* DocumentPathEcho.app */,
				5AF7D1F01BA657DF003040C5 /* DocumentPathEchoTests.xctest */,
			);
			name = Products;
			sourceTree = "<group>";
		};
		5AF7D1D91BA657DF003040C5 /* DocumentPathEcho */ = {
			isa = PBXGroup;
			children = (
				5AF7D1DE1BA657DF003040C5 /* AppDelegate.h */,
				5AF7D1DF1BA657DF003040C5 /* AppDelegate.m */,
				5AF7D1E11BA657DF003040C5 /* ViewController.h */,
				5AF7D1E21BA657DF003040C5 /* ViewController.m */,
				5AF7D1E41BA657DF003040C5 /* Main.storyboard */,
				5AF7D1E71BA657DF003040C5 /* Images.xcassets */,
				5AF7D1E91BA657DF003040C5 /* LaunchScreen.xib */,
				5AF7D1DA1BA657DF003040C5 /* Supporting Files */,
			);
			path = DocumentPathEcho;
			sourceTree = "<group>";
		};
		5AF7D1DA1BA657DF003040C5 /* Supporting Files */ = {
			isa = PBXGroup;
			children = (
				5AF7D1DB1BA657DF003040C5 /* Info.plist */,
				5AF7D1DC1BA657DF003040C5 /* main.m */,
			);
			name = "Supporting Files";
			sourceTree = "<group>";
		};
		5AF7D1F31BA657DF003040C5 /* DocumentPathEchoTests */ = {
			isa = PBXGroup;
			children = (
				5AF7D1F61BA657DF003040C5 /* DocumentPathEchoTests.m */,
				5AF7D1F41BA657DF003040C5 /* Supporting Files */,
			);
			path = DocumentPathEchoTests;
			sourceTree = "<group>";
		};
		5AF7D1F41BA657DF003040C5 /* Supporting Files */ = {
			isa = PBXGroup;
			children = (
				5AF7D1F51BA657DF003040C5 /* Info.plist */,
			);
			name = "Supporting Files";
			sourceTree = "<group>";
		};
/* End PBXGroup section */

/* Begin PBXNativeTarget section */
		5AF7D1D61BA657DF003040C5 /* DocumentPathEcho */ = {
			isa = PBXNativeTarget;
			buildConfigurationList = 5AF7D1FA1BA657DF003040C5 /* Build configuration list for PBXNativeTarget "DocumentPathEcho" */;
			buildPhases = (
				5AF7D1D31BA657DF003040C5 /* Sources */,
				5AF7D1D41BA657DF003040C5 /* Frameworks */,
				5AF7D1D51BA657DF003040C5 /* Resources */,
			);
			buildRules = (
			);
			dependencies = (
			);
			name = DocumentPathEcho;
			productName = DocumentPathEcho;
			productReference = 5AF7D1D71BA657DF003040C5 /* DocumentPathEcho.app */;
			productType = "com.apple.product-type.application";
		};
		5AF7D1EF1BA657DF003040C5 /* DocumentPathEchoTests */ = {
			isa = PBXNativeTarget;
			buildConfigurationList = 5AF7D1FD1BA657DF003040C5 /* Build configuration list for PBXNativeTarget "DocumentPathEchoTests" */;
			buildPhases = (
				5AF7D1EC1BA657DF003040C5 /* Sources */,
				5AF7D1ED1BA657DF003040C5 /* Frameworks */,
				5AF7D1EE1BA657DF003040C5 /* Resources */,
			);
			buildRules = (
			);
			dependencies = (
				5AF7D1F21BA657DF003040C5 /* PBXTargetDependency */,
			);
			name = DocumentPathEchoTests;
			productName = DocumentPathEchoTests;
			productReference = 5AF7D1F01BA657DF003040C5 /* DocumentPathEchoTests.xctest */;
			productType = "com.apple.product-type.bundle.unit-test";
		};
/* End PBXNativeTarget section */

/* Begin PBXProject section */
		5AF7D1CF1BA657DF003040C5 /* Project object */ = {
			isa = PBXProject;
			attributes = {
				LastUpgradeCheck = 0640;
				ORGANIZATIONNAME = echo;
				TargetAttributes = {
					5AF7D1D61BA657DF003040C5 = {
						CreatedOnToolsVersion = 6.4;
					};
					5AF7D1EF1BA657DF003040C5 = {
						CreatedOnToolsVersion = 6.4;
						TestTargetID = 5AF7D1D61BA657DF003040C5;
					};
				};
			};
			buildConfigurationList = 5AF7D1D21BA657DF003040C5 /* Build configuration list for PBXProject "DocumentPathEcho" */;
			compatibilityVersion = "Xcode 3.2";
			developmentRegion = English;
			hasScannedForEncodings = 0;
			knownRegions = (
				en,
				Base,
			);
			mainGroup = 5AF7D1CE1BA657DF003040C5;
			productRefGroup = 5AF7D1D81BA657DF003040C5 /* Products */;
			projectDirPath = "";
			projectRoot = "";
			targets = (
				5AF7D1D61BA657DF003040C5 /* DocumentPathEcho */,
				5AF7D1EF1BA657DF003040C5 /* DocumentPathEchoTests */,
			);
		};
/* End PBXProject section */

/* Begin PBXResourcesBuildPhase section */
		5AF7D1D51BA657DF003040C5 /* Resources */ = {
			isa = PBXResourcesBuildPhase;
			buildActionMask = 2147483647;
			files = (
				5AF7D1E61BA657DF003040C5 /* Main.storyboard in Resources */,
				5AF7D1EB1BA657DF003040C5 /* LaunchScreen.xib in Resources */,
				5AF7D1E81BA657DF003040C5 /* Images.xcassets in Resources */,
			);
			runOnlyForDeploymentPostprocessing = 0;
		};
		5AF7D1EE1BA657DF003040C5 /* Resources */ = {
			isa = PBXResourcesBuildPhase;
			buildActionMask = 2147483647;
			files = (
			);
			runOnlyForDeploymentPostprocessing = 0;
		};
/* End PBXResourcesBuildPhase section */

/* Begin PBXSourcesBuildPhase section */
		5AF7D1D31BA657DF003040C5 /* Sources */ = {
			isa = PBXSourcesBuildPhase;
			buildActionMask = 2147483647;
			files = (
				5AF7D1E31BA657DF003040C5 /* ViewController.m in Sources */,
				5AF7D1E01BA657DF003040C5 /* AppDelegate.m in Sources */,
				5AF7D1DD1BA657DF003040C5 /* main.m in Sources */,
			);
			runOnlyForDeploymentPostprocessing = 0;
		};
		5AF7D1EC1BA657DF003040C5 /* Sources */ = {
			isa = PBXSourcesBuildPhase;
			buildActionMask = 2147483647;
			files = (
				5AF7D1F71BA657DF003040C5 /* DocumentPathEchoTests.m in Sources */,
			);
			runOnlyForDeploymentPostprocessing = 0;
		};
/* End PBXSourcesBuildPhase section */

/* Begin PBXTargetDependency section */
		5AF7D1F21BA657DF003040C5 /* PBXTargetDependency */ = {
			isa = PBXTargetDependency;
			target = 5AF7D1D61BA657DF003040C5 /* DocumentPathEcho */;
			targetProxy = 5AF7D1F11BA657DF003040C5 /* PBXContainerItemProxy */;
		};
/* End PBXTargetDependency section */

/* Begin PBXVariantGroup section */
		5AF7D1E41BA657DF003040C5 /* Main.storyboard */ = {
			isa = PBXVariantGroup;
			children = (
				5AF7D1E51BA657DF003040C5 /* Base */,
			);
			name = Main.storyboard;
			sourceTree = "<group>";
		};
		5AF7D1E91BA657DF003040C5 /* LaunchScreen.xib */ = {
			isa = PBXVariantGroup;
			children = (
				5AF7D1EA1BA657DF003040C5 /* Base */,
			);
			name = LaunchScreen.xib;
			sourceTree = "<group>";
		};
/* End PBXVariantGroup section */

/* Begin XCBuildConfiguration section */
		5AF7D1F81BA657DF003040C5 /* Debug */ = {
			isa = XCBuildConfiguration;
			buildSettings = {
				ALWAYS_SEARCH_USER_PATHS = NO;
				CLANG_CXX_LANGUAGE_STANDARD = "gnu++0x";
				CLANG_CXX_LIBRARY = "libc++";
				CLANG_ENABLE_MODULES = YES;
				CLANG_ENABLE_OBJC_ARC = YES;
				CLANG_WARN_BOOL_CONVERSION = YES;
				CLANG_WARN_CONSTANT_CONVERSION = YES;
				CLANG_WARN_DIRECT_OBJC_ISA_USAGE = YES_ERROR;
				CLANG_WARN_EMPTY_BODY = YES;
				CLANG_WARN_ENUM_CONVERSION = YES;
				CLANG_WARN_INT_CONVERSION = YES;
				CLANG_WARN_OBJC_ROOT_CLASS = YES_ERROR;
				CLANG_WARN_UNREACHABLE_CODE = YES;
				CLANG_WARN__DUPLICATE_METHOD_MATCH = YES;
				"CODE_SIGN_IDENTITY[sdk=iphoneos*]" = "iPhone Developer";
				COPY_PHASE_STRIP = NO;
				DEBUG_INFORMATION_FORMAT = "dwarf-with-dsym";
				ENABLE_STRICT_OBJC_MSGSEND = YES;
				GCC_C_LANGUAGE_STANDARD = gnu99;
				GCC_DYNAMIC_NO_PIC = NO;
				GCC_NO_COMMON_BLOCKS = YES;
				GCC_OPTIMIZATION_LEVEL = 0;
				GCC_PREPROCESSOR_DEFINITIONS = (
					"DEBUG=1",
					"$(inherited)",
				);
				GCC_SYMBOLS_PRIVATE_EXTERN = NO;
				GCC_WARN_64_TO_32_BIT_CONVERSION = YES;
				GCC_WARN_ABOUT_RETURN_TYPE = YES_ERROR;
				GCC_WARN_UNDECLARED_SELECTOR = YES;
				GCC_WARN_UNINITIALIZED_AUTOS = YES_AGGRESSIVE;
				GCC_WARN_UNUSED_FUNCTION = YES;
				GCC_WARN_UNUSED_VARIABLE = YES;
				IPHONEOS_DEPLOYMENT_TARGET = 8.4;
				MTL_ENABLE_DEBUG_INFO = YES;
				ONLY_ACTIVE_ARCH = YES;
				SDKROOT = iphoneos;
				TARGETED_DEVICE_FAMILY = "1,2";
			};
			name = Debug;
		};
		5AF7D1F91BA657DF003040C5 /* Release */ = {
			isa = XCBuildConfiguration;
			buildSettings = {
				ALWAYS_SEARCH_USER_PATHS = NO;
				CLANG_CXX_LANGUAGE_STANDARD = "gnu++0x";
				CLANG_CXX_LIBRARY = "libc++";
				CLANG_ENABLE_MODULES = YES;
				CLANG_ENABLE_OBJC_ARC = YES;
				CLANG_WARN_BOOL_CONVERSION = YES;
				CLANG_WARN_CONSTANT_CONVERSION = YES;
				CLANG_WARN_DIRECT_OBJC_ISA_USAGE = YES_ERROR;
				CLANG_WARN_EMPTY_BODY = YES;
				CLANG_WARN_ENUM_CONVERSION = YES;
				CLANG_WARN_INT_CONVERSION = YES;
				CLANG_WARN_OBJC_ROOT_CLASS = YES_ERROR;
				CLANG_WARN_UNREACHABLE_CODE = YES;
				CLANG_WARN__DUPLICATE_METHOD_MATCH = YES;
				"CODE_SIGN_IDENTITY[sdk=iphoneos*]" = "iPhone Developer";
				COPY_PHASE_STRIP = NO;
				DEBUG_INFORMATION_FORMAT = "dwarf-with-dsym";
				ENABLE_NS_ASSERTIONS = NO;
				ENABLE_STRICT_OBJC_MSGSEND = YES;
				GCC_C_LANGUAGE_STANDARD = gnu99;
				GCC_NO_COMMON_BLOCKS = YES;
				GCC_WARN_64_TO_32_BIT_CONVERSION = YES;
				GCC_WARN_ABOUT_RETURN_TYPE = YES_ERROR;
				GCC_WARN_UNDECLARED_SELECTOR = YES;
				GCC_WARN_UNINITIALIZED_AUTOS = YES_AGGRESSIVE;
				GCC_WARN_UNUSED_FUNCTION = YES;
				GCC_WARN_UNUSED_VARIABLE = YES;
				IPHONEOS_DEPLOYMENT_TARGET = 8.4;
				MTL_ENABLE_DEBUG_INFO = NO;
				SDKROOT = iphoneos;
				TARGETED_DEVICE_FAMILY = "1,2";
				VALIDATE_PRODUCT = YES;
			};
			name = Release;
		};
		5AF7D1FB1BA657DF003040C5 /* Debug */ = {
			isa = XCBuildConfiguration;
			buildSettings = {
				ASSETCATALOG_COMPILER_APPICON_NAME = AppIcon;
				INFOPLIST_FILE = DocumentPathEcho/Info.plist;
				LD_RUNPATH_SEARCH_PATHS = "$(inherited) @executable_path/Frameworks";
				PRODUCT_NAME = "$(TARGET_NAME)";
			};
			name = Debug;
		};
		5AF7D1FC1BA657DF003040C5 /* Release */ = {
			isa = XCBuildConfiguration;
			buildSettings = {
				ASSETCATALOG_COMPILER_APPICON_NAME = AppIcon;
				INFOPLIST_FILE = DocumentPathEcho/Info.plist;
				LD_RUNPATH_SEARCH_PATHS = "$(inherited) @executable_path/Frameworks";
				PRODUCT_NAME = "$(TARGET_NAME)";
			};
			name = Release;
		};
		5AF7D1FE1BA657DF003040C5 /* Debug */ = {
			isa = XCBuildConfiguration;
			buildSettings = {
				BUNDLE_LOADER = "$(TEST_HOST)";
				FRAMEWORK_SEARCH_PATHS = (
					"$(SDKROOT)/Developer/Library/Frameworks",
					"$(inherited)",
				);
				GCC_PREPROCESSOR_DEFINITIONS = (
					"DEBUG=1",
					"$(inherited)",
				);
				INFOPLIST_FILE = DocumentPathEchoTests/Info.plist;
				LD_RUNPATH_SEARCH_PATHS = "$(inherited) @executable_path/Frameworks @loader_path/Frameworks";
				PRODUCT_NAME = "$(TARGET_NAME)";
				TEST_HOST = "$(BUILT_PRODUCTS_DIR)/DocumentPathEcho.app/DocumentPathEcho";
			};
			name = Debug;
		};
		5AF7D1FF1BA657DF003040C5 /* Release */ = {
			isa = XCBuildConfiguration;
			buildSettings = {
				BUNDLE_LOADER = "$(TEST_HOST)";
				FRAMEWORK_SEARCH_PATHS = (
					"$(SDKROOT)/Developer/Library/Frameworks",
					"$(inherited)",
				);
				INFOPLIST_FILE = DocumentPathEchoTests/Info.plist;
				LD_RUNPATH_SEARCH_PATHS = "$(inherited) @executable_path/Frameworks @loader_path/Frameworks";
				PRODUCT_NAME = "$(TARGET_NAME)";
				TEST_HOST = "$(BUILT_PRODUCTS_DIR)/DocumentPathEcho.app/DocumentPathEcho";
			};
			name = Release;
		};
/* End XCBuildConfiguration section */

/* Begin XCConfigurationList section */
		5AF7D1D21BA657DF003040C5 /* Build configuration list for PBXProject "DocumentPathEcho" */ = {
			isa = XCConfigurationList;
			buildConfigurations = (
				5AF7D1F81BA657DF003040C5 /* Debug */,
				5AF7D1F91BA657DF003040C5 /* Release */,
			);
			defaultConfigurationIsVisible = 0;
			defaultConfigurationName = Release;
		};
		5AF7D1FA1BA657DF003040C5 /* Build configuration list for PBXNativeTarget "DocumentPathEcho" */ = {
			isa = XCConfigurationList;
			buildConfigurations = (
				5AF7D1FB1BA657DF003040C5 /* Debug */,
				5AF7D1FC1BA657DF003040C5 /* Release */,
			);
			defaultConfigurationIsVisible = 0;
		};
		5AF7D1FD1BA657DF003040C5 /* Build configuration list for PBXNativeTarget "DocumentPathEchoTests" */ = {
			isa = XCConfigurationList;
			buildConfigurations = (
				5AF7D1FE1BA657DF003040C5 /* Debug */,
				5AF7D1FF1BA657DF003040C5 /* Release */,
			);
			defaultConfigurationIsVisible = 0;
		};
/* End XCConfigurationList section */
	};
	rootObject = 5AF7D1CF1BA657DF003040C5 /* Project object */;
}
